
Microsoft Visual Studio Solution File, Format Version 12.00
# Visual Studio Version 17
VisualStudioVersion = 17.5.33530.505
MinimumVisualStudioVersion = 10.0.40219.1
Project("{9A19103F-16F7-4668-BE54-9A1E7A4F7556}") = "inheritance-oop", "inheritance-oop\inheritance-oop.csproj", "{EAFFD529-406F-4066-87F9-1C53BDFF2F78}"
EndProject
Global
	GlobalSection(SolutionConfigurationPlatforms) = preSolution
		Debug|Any CPU = Debug|Any CPU
		Release|Any CPU = Release|Any CPU
	EndGlobalSection
	GlobalSection(ProjectConfigurationPlatforms) = postSolution
		{EAFFD529-406F-4066-87F9-1C53BDFF2F78}.Debug|Any CPU.ActiveCfg = Debug|Any CPU
		{EAFFD529-406F-4066-87F9-1C53BDFF2F78}.Debug|Any CPU.Build.0 = Debug|Any CPU
		{EAFFD529-406F-4066-87F9-1C53BDFF2F78}.Release|Any CPU.ActiveCfg = Release|Any CPU
		{EAFFD529-406F-4066-87F9-1C53BDFF2F78}.Release|Any CPU.Build.0 = Release|Any CPU
	EndGlobalSection
	GlobalSection(SolutionProperties) = preSolution
		HideSolutionNode = FALSE
	EndGlobalSection
	GlobalSection(ExtensibilityGlobals) = postSolution
		SolutionGuid = {75EE19D8-F93A-4B46-A952-C322170BDF23}
	EndGlobalSection
EndGlobal
