
Microsoft Visual Studio Solution File, Format Version 12.00
# Visual Studio Version 17
VisualStudioVersion = 17.5.33530.505
MinimumVisualStudioVersion = 10.0.40219.1
Project("{FAE04EC0-301F-11D3-BF4B-00C04F79EFBC}") = "lecture5", "lecture5\lecture5.csproj", "{EF9690B8-385F-4F8D-BB3B-913D444830DA}"
EndProject
Global
	GlobalSection(SolutionConfigurationPlatforms) = preSolution
		Debug|Any CPU = Debug|Any CPU
		Release|Any CPU = Release|Any CPU
	EndGlobalSection
	GlobalSection(ProjectConfigurationPlatforms) = postSolution
		{EF9690B8-385F-4F8D-BB3B-913D444830DA}.Debug|Any CPU.ActiveCfg = Debug|Any CPU
		{EF9690B8-385F-4F8D-BB3B-913D444830DA}.Debug|Any CPU.Build.0 = Debug|Any CPU
		{EF9690B8-385F-4F8D-BB3B-913D444830DA}.Release|Any CPU.ActiveCfg = Release|Any CPU
		{EF9690B8-385F-4F8D-BB3B-913D444830DA}.Release|Any CPU.Build.0 = Release|Any CPU
	EndGlobalSection
	GlobalSection(SolutionProperties) = preSolution
		HideSolutionNode = FALSE
	EndGlobalSection
	GlobalSection(ExtensibilityGlobals) = postSolution
		SolutionGuid = {BC02AFFB-1101-4104-8AC0-DBFAA4957AA7}
	EndGlobalSection
EndGlobal
